
Microsoft Visual Studio Solution File, Format Version 12.00
# Visual Studio 15
VisualStudioVersion = 15.0.28307.645
MinimumVisualStudioVersion = 10.0.40219.1
Project("{FAE04EC0-301F-11D3-BF4B-00C04F79EFBC}") = "Problem2", "Problem2\Problem2.csproj", "{8DA434B5-8D0E-4954-AD0F-3DC25D073813}"
EndProject
Global
	GlobalSection(SolutionConfigurationPlatforms) = preSolution
		Debug|Any CPU = Debug|Any CPU
		Release|Any CPU = Release|Any CPU
	EndGlobalSection
	GlobalSection(ProjectConfigurationPlatforms) = postSolution
		{8DA434B5-8D0E-4954-AD0F-3DC25D073813}.Debug|Any CPU.ActiveCfg = Debug|Any CPU
		{8DA434B5-8D0E-4954-AD0F-3DC25D073813}.Debug|Any CPU.Build.0 = Debug|Any CPU
		{8DA434B5-8D0E-4954-AD0F-3DC25D073813}.Release|Any CPU.ActiveCfg = Release|Any CPU
		{8DA434B5-8D0E-4954-AD0F-3DC25D073813}.Release|Any CPU.Build.0 = Release|Any CPU
	EndGlobalSection
	GlobalSection(SolutionProperties) = preSolution
		HideSolutionNode = FALSE
	EndGlobalSection
	GlobalSection(ExtensibilityGlobals) = postSolution
		SolutionGuid = {E96C7B76-CCC0-48BC-A08B-DEA3DD9E7632}
	EndGlobalSection
EndGlobal
